
Microsoft Visual Studio Solution File, Format Version 10.00
# Visual Studio 2008
Project("{8BC9CEB9-8B4A-11D0-8D11-00A0C91BC942}") = "P31RestKit", "P31RestKit.dll", "{1CC132C5-C89D-4E29-9CB5-627935E2DC01}"
	ProjectSection(MonoDevelopProperties) = preProject
		name = P31RestKit
		Configurations = $0
		$0.Configuration = $1
		$1.name = Default
		$1.OutputPath = .\
		$1.ctype = ProjectConfiguration
	EndProjectSection
EndProject
Global
	GlobalSection(SolutionConfigurationPlatforms) = preSolution
		Default|Any CPU = Default|Any CPU
	EndGlobalSection
	GlobalSection(ProjectConfigurationPlatforms) = postSolution
		{1CC132C5-C89D-4E29-9CB5-627935E2DC01}.Default|Any CPU.ActiveCfg = Default|Any CPU
		{1CC132C5-C89D-4E29-9CB5-627935E2DC01}.Default|Any CPU.Build.0 = Default|Any CPU
	EndGlobalSection
	GlobalSection(MonoDevelopProperties) = preSolution
		StartupItem = P31RestKit.dll
	EndGlobalSection
EndGlobal
